# THIS IS AN AUTOGENERATED FILE. DO NOT EDIT THIS FILE DIRECTLY.
# yarn lockfile v1


bs-platform@^8.0.3:
  version "8.0.3"
  resolved "https://registry.yarnpkg.com/bs-platform/-/bs-platform-8.0.3.tgz#574e41ec04fee381d4c400dac547735368caa48f"
  integrity sha512-I7wulOPM0/NGamwm9CDh9rGjW1oIKltPwwEIOJrL8DBFRXI8OFSACtWGlpaoOw76Xpf+KcVokr00keS2NlzA3A==

tablecloth-bucklescript@eldh/tablecloth#bs8:
  version "0.0.6"
  resolved "https://codeload.github.com/eldh/tablecloth/tar.gz/f7f94fca63819c32c1af527e86191b475e82af9c"
